
Microsoft Visual Studio Solution File, Format Version 12.00
# Visual Studio Version 17
VisualStudioVersion = 17.5.33516.290
MinimumVisualStudioVersion = 10.0.40219.1
Project("{FAE04EC0-301F-11D3-BF4B-00C04F79EFBC}") = "WindowsFormsApp1", "WindowsFormsApp1\WindowsFormsApp1.csproj", "{CDD4898B-8F63-4F5B-8D56-16DF17FC9318}"
EndProject
Global
	GlobalSection(SolutionConfigurationPlatforms) = preSolution
		Debug|Any CPU = Debug|Any CPU
		Release|Any CPU = Release|Any CPU
	EndGlobalSection
	GlobalSection(ProjectConfigurationPlatforms) = postSolution
		{CDD4898B-8F63-4F5B-8D56-16DF17FC9318}.Debug|Any CPU.ActiveCfg = Debug|Any CPU
		{CDD4898B-8F63-4F5B-8D56-16DF17FC9318}.Debug|Any CPU.Build.0 = Debug|Any CPU
		{CDD4898B-8F63-4F5B-8D56-16DF17FC9318}.Release|Any CPU.ActiveCfg = Release|Any CPU
		{CDD4898B-8F63-4F5B-8D56-16DF17FC9318}.Release|Any CPU.Build.0 = Release|Any CPU
	EndGlobalSection
	GlobalSection(SolutionProperties) = preSolution
		HideSolutionNode = FALSE
	EndGlobalSection
	GlobalSection(ExtensibilityGlobals) = postSolution
		SolutionGuid = {234661C1-B3F9-40BF-AEE0-F3CC73BAA71E}
	EndGlobalSection
EndGlobal
